// !$*UTF8*$!
{
	archiveVersion = 1;
	classes = {
	};
	objectVersion = 77;
	objects = {

/* Begin PBXContainerItemProxy section */
		EC8C66922D2F65F60040EFE9 /* PBXContainerItemProxy */ = {
			isa = PBXContainerItemProxy;
			containerPortal = EC8C66752D2F65F30040EFE9 /* Project object */;
			proxyType = 1;
			remoteGlobalIDString = EC8C667C2D2F65F30040EFE9;
			remoteInfo = "KSA MOFA";
		};
		EC8C669C2D2F65F60040EFE9 /* PBXContainerItemProxy */ = {
			isa = PBXContainerItemProxy;
			containerPortal = EC8C66752D2F65F30040EFE9 /* Project object */;
			proxyType = 1;
			remoteGlobalIDString = EC8C667C2D2F65F30040EFE9;
			remoteInfo = "KSA MOFA";
		};
/* End PBXContainerItemProxy section */

/* Begin PBXFileReference section */
		EC8C667D2D2F65F30040EFE9 /* KSA MOFA.app */ = {isa = PBXFileReference; explicitFileType = wrapper.application; includeInIndex = 0; path = "KSA MOFA.app"; sourceTree = BUILT_PRODUCTS_DIR; };
		EC8C66912D2F65F60040EFE9 /* KSA MOFATests.xctest */ = {isa = PBXFileReference; explicitFileType = wrapper.cfbundle; includeInIndex = 0; path = "KSA MOFATests.xctest"; sourceTree = BUILT_PRODUCTS_DIR; };
		EC8C669B2D2F65F60040EFE9 /* KSA MOFAUITests.xctest */ = {isa = PBXFileReference; explicitFileType = wrapper.cfbundle; includeInIndex = 0; path = "KSA MOFAUITests.xctest"; sourceTree = BUILT_PRODUCTS_DIR; };
/* End PBXFileReference section */

/* Begin PBXFileSystemSynchronizedBuildFileExceptionSet section */
		EC8C66A32D2F65F60040EFE9 /* Exceptions for "KSA MOFA" folder in "KSA MOFA" target */ = {
			isa = PBXFileSystemSynchronizedBuildFileExceptionSet;
			membershipExceptions = (
				Info.plist,
			);
			target = EC8C667C2D2F65F30040EFE9 /* KSA MOFA */;
		};
/* End PBXFileSystemSynchronizedBuildFileExceptionSet section */

/* Begin PBXFileSystemSynchronizedRootGroup section */
		EC8C667F2D2F65F30040EFE9 /* KSA MOFA */ = {
			isa = PBXFileSystemSynchronizedRootGroup;
			exceptions = (
				EC8C66A32D2F65F60040EFE9 /* Exceptions for "KSA MOFA" folder in "KSA MOFA" target */,
			);
			path = "KSA MOFA";
			sourceTree = "<group>";
		};
		EC8C66942D2F65F60040EFE9 /* KSA MOFATests */ = {
			isa = PBXFileSystemSynchronizedRootGroup;
			path = "KSA MOFATests";
			sourceTree = "<group>";
		};
		EC8C669E2D2F65F60040EFE9 /* KSA MOFAUITests */ = {
			isa = PBXFileSystemSynchronizedRootGroup;
			path = "KSA MOFAUITests";
			sourceTree = "<group>";
		};
/* End PBXFileSystemSynchronizedRootGroup section */

/* Begin PBXFrameworksBuildPhase section */
		EC8C667A2D2F65F30040EFE9 /* Frameworks */ = {
			isa = PBXFrameworksBuildPhase;
			buildActionMask = 2147483647;
			files = (
			);
			runOnlyForDeploymentPostprocessing = 0;
		};
		EC8C668E2D2F65F60040EFE9 /* Frameworks */ = {
			isa = PBXFrameworksBuildPhase;
			buildActionMask = 2147483647;
			files = (
			);
			runOnlyForDeploymentPostprocessing = 0;
		};
		EC8C66982D2F65F60040EFE9 /* Frameworks */ = {
			isa = PBXFrameworksBuildPhase;
			buildActionMask = 2147483647;
			files = (
			);
			runOnlyForDeploymentPostprocessing = 0;
		};
/* End PBXFrameworksBuildPhase section */

/* Begin PBXGroup section */
		EC8C66742D2F65F30040EFE9 = {
			isa = PBXGroup;
			children = (
				EC8C667F2D2F65F30040EFE9 /* KSA MOFA */,
				EC8C66942D2F65F60040EFE9 /* KSA MOFATests */,
				EC8C669E2D2F65F60040EFE9 /* KSA MOFAUITests */,
				EC8C667E2D2F65F30040EFE9 /* Products */,
			);
			sourceTree = "<group>";
		};
		EC8C667E2D2F65F30040EFE9 /* Products */ = {
			isa = PBXGroup;
			children = (
				EC8C667D2D2F65F30040EFE9 /* KSA MOFA.app */,
				EC8C66912D2F65F60040EFE9 /* KSA MOFATests.xctest */,
				EC8C669B2D2F65F60040EFE9 /* KSA MOFAUITests.xctest */,
			);
			name = Products;
			sourceTree = "<group>";
		};
/* End PBXGroup section */

/* Begin PBXNativeTarget section */
		EC8C667C2D2F65F30040EFE9 /* KSA MOFA */ = {
			isa = PBXNativeTarget;
			buildConfigurationList = EC8C66A42D2F65F60040EFE9 /* Build configuration list for PBXNativeTarget "KSA MOFA" */;
			buildPhases = (
				EC8C66792D2F65F30040EFE9 /* Sources */,
				EC8C667A2D2F65F30040EFE9 /* Frameworks */,
				EC8C667B2D2F65F30040EFE9 /* Resources */,
			);
			buildRules = (
			);
			dependencies = (
			);
			fileSystemSynchronizedGroups = (
				EC8C667F2D2F65F30040EFE9 /* KSA MOFA */,
			);
			name = "KSA MOFA";
			packageProductDependencies = (
			);
			productName = "KSA MOFA";
			productReference = EC8C667D2D2F65F30040EFE9 /* KSA MOFA.app */;
			productType = "com.apple.product-type.application";
		};
		EC8C66902D2F65F60040EFE9 /* KSA MOFATests */ = {
			isa = PBXNativeTarget;
			buildConfigurationList = EC8C66A92D2F65F60040EFE9 /* Build configuration list for PBXNativeTarget "KSA MOFATests" */;
			buildPhases = (
				EC8C668D2D2F65F60040EFE9 /* Sources */,
				EC8C668E2D2F65F60040EFE9 /* Frameworks */,
				EC8C668F2D2F65F60040EFE9 /* Resources */,
			);
			buildRules = (
			);
			dependencies = (
				EC8C66932D2F65F60040EFE9 /* PBXTargetDependency */,
			);
			fileSystemSynchronizedGroups = (
				EC8C66942D2F65F60040EFE9 /* KSA MOFATests */,
			);
			name = "KSA MOFATests";
			packageProductDependencies = (
			);
			productName = "KSA MOFATests";
			productReference = EC8C66912D2F65F60040EFE9 /* KSA MOFATests.xctest */;
			productType = "com.apple.product-type.bundle.unit-test";
		};
		EC8C669A2D2F65F60040EFE9 /* KSA MOFAUITests */ = {
			isa = PBXNativeTarget;
			buildConfigurationList = EC8C66AC2D2F65F60040EFE9 /* Build configuration list for PBXNativeTarget "KSA MOFAUITests" */;
			buildPhases = (
				EC8C66972D2F65F60040EFE9 /* Sources */,
				EC8C66982D2F65F60040EFE9 /* Frameworks */,
				EC8C66992D2F65F60040EFE9 /* Resources */,
			);
			buildRules = (
			);
			dependencies = (
				EC8C669D2D2F65F60040EFE9 /* PBXTargetDependency */,
			);
			fileSystemSynchronizedGroups = (
				EC8C669E2D2F65F60040EFE9 /* KSA MOFAUITests */,
			);
			name = "KSA MOFAUITests";
			packageProductDependencies = (
			);
			productName = "KSA MOFAUITests";
			productReference = EC8C669B2D2F65F60040EFE9 /* KSA MOFAUITests.xctest */;
			productType = "com.apple.product-type.bundle.ui-testing";
		};
/* End PBXNativeTarget section */

/* Begin PBXProject section */
		EC8C66752D2F65F30040EFE9 /* Project object */ = {
			isa = PBXProject;
			attributes = {
				BuildIndependentTargetsInParallel = 1;
				LastSwiftUpdateCheck = 1620;
				LastUpgradeCheck = 1620;
				TargetAttributes = {
					EC8C667C2D2F65F30040EFE9 = {
						CreatedOnToolsVersion = 16.2;
					};
					EC8C66902D2F65F60040EFE9 = {
						CreatedOnToolsVersion = 16.2;
						TestTargetID = EC8C667C2D2F65F30040EFE9;
					};
					EC8C669A2D2F65F60040EFE9 = {
						CreatedOnToolsVersion = 16.2;
						TestTargetID = EC8C667C2D2F65F30040EFE9;
					};
				};
			};
			buildConfigurationList = EC8C66782D2F65F30040EFE9 /* Build configuration list for PBXProject "KSA MOFA" */;
			developmentRegion = en;
			hasScannedForEncodings = 0;
			knownRegions = (
				en,
				Base,
			);
			mainGroup = EC8C66742D2F65F30040EFE9;
			minimizedProjectReferenceProxies = 1;
			preferredProjectObjectVersion = 77;
			productRefGroup = EC8C667E2D2F65F30040EFE9 /* Products */;
			projectDirPath = "";
			projectRoot = "";
			targets = (
				EC8C667C2D2F65F30040EFE9 /* KSA MOFA */,
				EC8C66902D2F65F60040EFE9 /* KSA MOFATests */,
				EC8C669A2D2F65F60040EFE9 /* KSA MOFAUITests */,
			);
		};
/* End PBXProject section */

/* Begin PBXResourcesBuildPhase section */
		EC8C667B2D2F65F30040EFE9 /* Resources */ = {
			isa = PBXResourcesBuildPhase;
			buildActionMask = 2147483647;
			files = (
			);
			runOnlyForDeploymentPostprocessing = 0;
		};
		EC8C668F2D2F65F60040EFE9 /* Resources */ = {
			isa = PBXResourcesBuildPhase;
			buildActionMask = 2147483647;
			files = (
			);
			runOnlyForDeploymentPostprocessing = 0;
		};
		EC8C66992D2F65F60040EFE9 /* Resources */ = {
			isa = PBXResourcesBuildPhase;
			buildActionMask = 2147483647;
			files = (
			);
			runOnlyForDeploymentPostprocessing = 0;
		};
/* End PBXResourcesBuildPhase section */

/* Begin PBXSourcesBuildPhase section */
		EC8C66792D2F65F30040EFE9 /* Sources */ = {
			isa = PBXSourcesBuildPhase;
			buildActionMask = 2147483647;
			files = (
			);
			runOnlyForDeploymentPostprocessing = 0;
		};
		EC8C668D2D2F65F60040EFE9 /* Sources */ = {
			isa = PBXSourcesBuildPhase;
			buildActionMask = 2147483647;
			files = (
			);
			runOnlyForDeploymentPostprocessing = 0;
		};
		EC8C66972D2F65F60040EFE9 /* Sources */ = {
			isa = PBXSourcesBuildPhase;
			buildActionMask = 2147483647;
			files = (
			);
			runOnlyForDeploymentPostprocessing = 0;
		};
/* End PBXSourcesBuildPhase section */

/* Begin PBXTargetDependency section */
		EC8C66932D2F65F60040EFE9 /* PBXTargetDependency */ = {
			isa = PBXTargetDependency;
			target = EC8C667C2D2F65F30040EFE9 /* KSA MOFA */;
			targetProxy = EC8C66922D2F65F60040EFE9 /* PBXContainerItemProxy */;
		};
		EC8C669D2D2F65F60040EFE9 /* PBXTargetDependency */ = {
			isa = PBXTargetDependency;
			target = EC8C667C2D2F65F30040EFE9 /* KSA MOFA */;
			targetProxy = EC8C669C2D2F65F60040EFE9 /* PBXContainerItemProxy */;
		};
/* End PBXTargetDependency section */

/* Begin XCBuildConfiguration section */
		EC8C66A52D2F65F60040EFE9 /* Debug */ = {
			isa = XCBuildConfiguration;
			buildSettings = {
				ASSETCATALOG_COMPILER_APPICON_NAME = AppIcon;
				ASSETCATALOG_COMPILER_GLOBAL_ACCENT_COLOR_NAME = AccentColor;
				CODE_SIGN_ENTITLEMENTS = "KSA MOFA/KSA_MOFA.entitlements";
				CODE_SIGN_IDENTITY = "Apple Development";
				CODE_SIGN_STYLE = Automatic;
				CURRENT_PROJECT_VERSION = 1;
				DEVELOPMENT_ASSET_PATHS = "\"KSA MOFA/Preview Content\"";
				DEVELOPMENT_TEAM = 9Y4MM926WY;
				ENABLE_PREVIEWS = YES;
				GENERATE_INFOPLIST_FILE = YES;
				INFOPLIST_FILE = "KSA MOFA/Info.plist";
				INFOPLIST_KEY_UIApplicationSceneManifest_Generation = YES;
				INFOPLIST_KEY_UIApplicationSupportsIndirectInputEvents = YES;
				INFOPLIST_KEY_UILaunchScreen_Generation = YES;
				INFOPLIST_KEY_UISupportedInterfaceOrientations_iPad = "UIInterfaceOrientationPortrait UIInterfaceOrientationPortraitUpsideDown UIInterfaceOrientationLandscapeLeft UIInterfaceOrientationLandscapeRight";
				INFOPLIST_KEY_UISupportedInterfaceOrientations_iPhone = "UIInterfaceOrientationPortrait UIInterfaceOrientationLandscapeLeft UIInterfaceOrientationLandscapeRight";
				LD_RUNPATH_SEARCH_PATHS = (
					"$(inherited)",
					"@executable_path/Frameworks",
				);
				LIBRARY_SEARCH_PATHS = (
					"$(inherited)",
					"$(PROJECT_DIR)/KSA\\ MOFA/ksamofa_web/node_modules/@rollup/rollup-darwin-x64",
				);
				MARKETING_VERSION = 1.0;
				PRODUCT_BUNDLE_IDENTIFIER = "KettlerScientific.KSA-MOFA";
				PRODUCT_NAME = "$(TARGET_NAME)";
				PROVISIONING_PROFILE_SPECIFIER = "";
				SUPPORTED_PLATFORMS = "iphoneos iphonesimulator";
				SUPPORTS_MACCATALYST = NO;
				SUPPORTS_MAC_DESIGNED_FOR_IPHONE_IPAD = NO;
				SUPPORTS_XR_DESIGNED_FOR_IPHONE_IPAD = NO;
				SWIFT_EMIT_LOC_STRINGS = YES;
				SWIFT_VERSION = 5.0;
				TARGETED_DEVICE_FAMILY = "1,2";
			};
			name = Debug;
		};
		EC8C66A62D2F65F60040EFE9 /* Release */ = {
			isa = XCBuildConfiguration;
			buildSettings = {
				ASSETCATALOG_COMPILER_APPICON_NAME = AppIcon;
				ASSETCATALOG_COMPILER_GLOBAL_ACCENT_COLOR_NAME = AccentColor;
				CODE_SIGN_ENTITLEMENTS = "KSA MOFA/KSA_MOFA.entitlements";
				CODE_SIGN_IDENTITY = "Apple Development";
				CODE_SIGN_STYLE = Automatic;
				CURRENT_PROJECT_VERSION = 1;
				DEVELOPMENT_ASSET_PATHS = "\"KSA MOFA/Preview Content\"";
				DEVELOPMENT_TEAM = 9Y4MM926WY;
				ENABLE_PREVIEWS = YES;
				GENERATE_INFOPLIST_FILE = YES;
				INFOPLIST_FILE = "KSA MOFA/Info.plist";
				INFOPLIST_KEY_UIApplicationSceneManifest_Generation = YES;
				INFOPLIST_KEY_UIApplicationSupportsIndirectInputEvents = YES;
				INFOPLIST_KEY_UILaunchScreen_Generation = YES;
				INFOPLIST_KEY_UISupportedInterfaceOrientations_iPad = "UIInterfaceOrientationPortrait UIInterfaceOrientationPortraitUpsideDown UIInterfaceOrientationLandscapeLeft UIInterfaceOrientationLandscapeRight";
				INFOPLIST_KEY_UISupportedInterfaceOrientations_iPhone = "UIInterfaceOrientationPortrait UIInterfaceOrientationLandscapeLeft UIInterfaceOrientationLandscapeRight";
				LD_RUNPATH_SEARCH_PATHS = (
					"$(inherited)",
					"@executable_path/Frameworks",
				);
				LIBRARY_SEARCH_PATHS = (
					"$(inherited)",
					"$(PROJECT_DIR)/KSA\\ MOFA/ksamofa_web/node_modules/@rollup/rollup-darwin-x64",
				);
				MARKETING_VERSION = 1.0;
				PRODUCT_BUNDLE_IDENTIFIER = "KettlerScientific.KSA-MOFA";
				PRODUCT_NAME = "$(TARGET_NAME)";
				PROVISIONING_PROFILE_SPECIFIER = "";
				SUPPORTED_PLATFORMS = "iphoneos iphonesimulator";
				SUPPORTS_MACCATALYST = NO;
				SUPPORTS_MAC_DESIGNED_FOR_IPHONE_IPAD = NO;
				SUPPORTS_XR_DESIGNED_FOR_IPHONE_IPAD = NO;
				SWIFT_EMIT_LOC_STRINGS = YES;
				SWIFT_VERSION = 5.0;
				TARGETED_DEVICE_FAMILY = "1,2";
			};
			name = Release;
		};
		EC8C66A72D2F65F60040EFE9 /* Debug */ = {
			isa = XCBuildConfiguration;
			buildSettings = {
				ALWAYS_SEARCH_USER_PATHS = NO;
				ASSETCATALOG_COMPILER_GENERATE_SWIFT_ASSET_SYMBOL_EXTENSIONS = YES;
				CLANG_ANALYZER_NONNULL = YES;
				CLANG_ANALYZER_NUMBER_OBJECT_CONVERSION = YES_AGGRESSIVE;
				CLANG_CXX_LANGUAGE_STANDARD = "gnu++20";
				CLANG_ENABLE_MODULES = YES;
				CLANG_ENABLE_OBJC_ARC = YES;
				CLANG_ENABLE_OBJC_WEAK = YES;
				CLANG_WARN_BLOCK_CAPTURE_AUTORELEASING = YES;
				CLANG_WARN_BOOL_CONVERSION = YES;
				CLANG_WARN_COMMA = YES;
				CLANG_WARN_CONSTANT_CONVERSION = YES;
				CLANG_WARN_DEPRECATED_OBJC_IMPLEMENTATIONS = YES;
				CLANG_WARN_DIRECT_OBJC_ISA_USAGE = YES_ERROR;
				CLANG_WARN_DOCUMENTATION_COMMENTS = YES;
				CLANG_WARN_EMPTY_BODY = YES;
				CLANG_WARN_ENUM_CONVERSION = YES;
				CLANG_WARN_INFINITE_RECURSION = YES;
				CLANG_WARN_INT_CONVERSION = YES;
				CLANG_WARN_NON_LITERAL_NULL_CONVERSION = YES;
				CLANG_WARN_OBJC_IMPLICIT_RETAIN_SELF = YES;
				CLANG_WARN_OBJC_LITERAL_CONVERSION = YES;
				CLANG_WARN_OBJC_ROOT_CLASS = YES_ERROR;
				CLANG_WARN_QUOTED_INCLUDE_IN_FRAMEWORK_HEADER = YES;
				CLANG_WARN_RANGE_LOOP_ANALYSIS = YES;
				CLANG_WARN_STRICT_PROTOTYPES = YES;
				CLANG_WARN_SUSPICIOUS_MOVE = YES;
				CLANG_WARN_UNGUARDED_AVAILABILITY = YES_AGGRESSIVE;
				CLANG_WARN_UNREACHABLE_CODE = YES;
				CLANG_WARN__DUPLICATE_METHOD_MATCH = YES;
				COPY_PHASE_STRIP = NO;
				DEBUG_INFORMATION_FORMAT = dwarf;
				ENABLE_STRICT_OBJC_MSGSEND = YES;
				ENABLE_TESTABILITY = YES;
				ENABLE_USER_SCRIPT_SANDBOXING = YES;
				GCC_C_LANGUAGE_STANDARD = gnu17;
				GCC_DYNAMIC_NO_PIC = NO;
				GCC_NO_COMMON_BLOCKS = YES;
				GCC_OPTIMIZATION_LEVEL = 0;
				GCC_PREPROCESSOR_DEFINITIONS = (
					"DEBUG=1",
					"$(inherited)",
				);
				GCC_WARN_64_TO_32_BIT_CONVERSION = YES;
				GCC_WARN_ABOUT_RETURN_TYPE = YES_ERROR;
				GCC_WARN_UNDECLARED_SELECTOR = YES;
				GCC_WARN_UNINITIALIZED_AUTOS = YES_AGGRESSIVE;
				GCC_WARN_UNUSED_FUNCTION = YES;
				GCC_WARN_UNUSED_VARIABLE = YES;
				IPHONEOS_DEPLOYMENT_TARGET = 18.2;
				LOCALIZATION_PREFERS_STRING_CATALOGS = YES;
				MTL_ENABLE_DEBUG_INFO = INCLUDE_SOURCE;
				MTL_FAST_MATH = YES;
				ONLY_ACTIVE_ARCH = YES;
				SDKROOT = iphoneos;
				SWIFT_ACTIVE_COMPILATION_CONDITIONS = "DEBUG $(inherited)";
				SWIFT_OPTIMIZATION_LEVEL = "-Onone";
			};
			name = Debug;
		};
		EC8C66A82D2F65F60040EFE9 /* Release */ = {
			isa = XCBuildConfiguration;
			buildSettings = {
				ALWAYS_SEARCH_USER_PATHS = NO;
				ASSETCATALOG_COMPILER_GENERATE_SWIFT_ASSET_SYMBOL_EXTENSIONS = YES;
				CLANG_ANALYZER_NONNULL = YES;
				CLANG_ANALYZER_NUMBER_OBJECT_CONVERSION = YES_AGGRESSIVE;
				CLANG_CXX_LANGUAGE_STANDARD = "gnu++20";
				CLANG_ENABLE_MODULES = YES;
				CLANG_ENABLE_OBJC_ARC = YES;
				CLANG_ENABLE_OBJC_WEAK = YES;
				CLANG_WARN_BLOCK_CAPTURE_AUTORELEASING = YES;
				CLANG_WARN_BOOL_CONVERSION = YES;
				CLANG_WARN_COMMA = YES;
				CLANG_WARN_CONSTANT_CONVERSION = YES;
				CLANG_WARN_DEPRECATED_OBJC_IMPLEMENTATIONS = YES;
				CLANG_WARN_DIRECT_OBJC_ISA_USAGE = YES_ERROR;
				CLANG_WARN_DOCUMENTATION_COMMENTS = YES;
				CLANG_WARN_EMPTY_BODY = YES;
				CLANG_WARN_ENUM_CONVERSION = YES;
				CLANG_WARN_INFINITE_RECURSION = YES;
				CLANG_WARN_INT_CONVERSION = YES;
				CLANG_WARN_NON_LITERAL_NULL_CONVERSION = YES;
				CLANG_WARN_OBJC_IMPLICIT_RETAIN_SELF = YES;
				CLANG_WARN_OBJC_LITERAL_CONVERSION = YES;
				CLANG_WARN_OBJC_ROOT_CLASS = YES_ERROR;
				CLANG_WARN_QUOTED_INCLUDE_IN_FRAMEWORK_HEADER = YES;
				CLANG_WARN_RANGE_LOOP_ANALYSIS = YES;
				CLANG_WARN_STRICT_PROTOTYPES = YES;
				CLANG_WARN_SUSPICIOUS_MOVE = YES;
				CLANG_WARN_UNGUARDED_AVAILABILITY = YES_AGGRESSIVE;
				CLANG_WARN_UNREACHABLE_CODE = YES;
				CLANG_WARN__DUPLICATE_METHOD_MATCH = YES;
				COPY_PHASE_STRIP = NO;
				DEBUG_INFORMATION_FORMAT = "dwarf-with-dsym";
				ENABLE_NS_ASSERTIONS = NO;
				ENABLE_STRICT_OBJC_MSGSEND = YES;
				ENABLE_USER_SCRIPT_SANDBOXING = YES;
				GCC_C_LANGUAGE_STANDARD = gnu17;
				GCC_NO_COMMON_BLOCKS = YES;
				GCC_WARN_64_TO_32_BIT_CONVERSION = YES;
				GCC_WARN_ABOUT_RETURN_TYPE = YES_ERROR;
				GCC_WARN_UNDECLARED_SELECTOR = YES;
				GCC_WARN_UNINITIALIZED_AUTOS = YES_AGGRESSIVE;
				GCC_WARN_UNUSED_FUNCTION = YES;
				GCC_WARN_UNUSED_VARIABLE = YES;
				IPHONEOS_DEPLOYMENT_TARGET = 18.2;
				LOCALIZATION_PREFERS_STRING_CATALOGS = YES;
				MTL_ENABLE_DEBUG_INFO = NO;
				MTL_FAST_MATH = YES;
				SDKROOT = iphoneos;
				SWIFT_COMPILATION_MODE = wholemodule;
				VALIDATE_PRODUCT = YES;
			};
			name = Release;
		};
		EC8C66AA2D2F65F60040EFE9 /* Debug */ = {
			isa = XCBuildConfiguration;
			buildSettings = {
				BUNDLE_LOADER = "$(TEST_HOST)";
				CODE_SIGN_STYLE = Automatic;
				CURRENT_PROJECT_VERSION = 1;
				DEVELOPMENT_TEAM = 9Y4MM926WY;
				GENERATE_INFOPLIST_FILE = YES;
				IPHONEOS_DEPLOYMENT_TARGET = 18.2;
				MARKETING_VERSION = 1.0;
				PRODUCT_BUNDLE_IDENTIFIER = "KettlerScientific.KSA-MOFATests";
				PRODUCT_NAME = "$(TARGET_NAME)";
				SWIFT_EMIT_LOC_STRINGS = NO;
				SWIFT_VERSION = 5.0;
				TARGETED_DEVICE_FAMILY = "1,2";
				TEST_HOST = "$(BUILT_PRODUCTS_DIR)/KSA MOFA.app/$(BUNDLE_EXECUTABLE_FOLDER_PATH)/KSA MOFA";
			};
			name = Debug;
		};
		EC8C66AB2D2F65F60040EFE9 /* Release */ = {
			isa = XCBuildConfiguration;
			buildSettings = {
				BUNDLE_LOADER = "$(TEST_HOST)";
				CODE_SIGN_STYLE = Automatic;
				CURRENT_PROJECT_VERSION = 1;
				DEVELOPMENT_TEAM = 9Y4MM926WY;
				GENERATE_INFOPLIST_FILE = YES;
				IPHONEOS_DEPLOYMENT_TARGET = 18.2;
				MARKETING_VERSION = 1.0;
				PRODUCT_BUNDLE_IDENTIFIER = "KettlerScientific.KSA-MOFATests";
				PRODUCT_NAME = "$(TARGET_NAME)";
				SWIFT_EMIT_LOC_STRINGS = NO;
				SWIFT_VERSION = 5.0;
				TARGETED_DEVICE_FAMILY = "1,2";
				TEST_HOST = "$(BUILT_PRODUCTS_DIR)/KSA MOFA.app/$(BUNDLE_EXECUTABLE_FOLDER_PATH)/KSA MOFA";
			};
			name = Release;
		};
		EC8C66AD2D2F65F60040EFE9 /* Debug */ = {
			isa = XCBuildConfiguration;
			buildSettings = {
				CODE_SIGN_STYLE = Automatic;
				CURRENT_PROJECT_VERSION = 1;
				DEVELOPMENT_TEAM = 9Y4MM926WY;
				GENERATE_INFOPLIST_FILE = YES;
				MARKETING_VERSION = 1.0;
				PRODUCT_BUNDLE_IDENTIFIER = "KettlerScientific.KSA-MOFAUITests";
				PRODUCT_NAME = "$(TARGET_NAME)";
				SWIFT_EMIT_LOC_STRINGS = NO;
				SWIFT_VERSION = 5.0;
				TARGETED_DEVICE_FAMILY = "1,2";
				TEST_TARGET_NAME = "KSA MOFA";
			};
			name = Debug;
		};
		EC8C66AE2D2F65F60040EFE9 /* Release */ = {
			isa = XCBuildConfiguration;
			buildSettings = {
				CODE_SIGN_STYLE = Automatic;
				CURRENT_PROJECT_VERSION = 1;
				DEVELOPMENT_TEAM = 9Y4MM926WY;
				GENERATE_INFOPLIST_FILE = YES;
				MARKETING_VERSION = 1.0;
				PRODUCT_BUNDLE_IDENTIFIER = "KettlerScientific.KSA-MOFAUITests";
				PRODUCT_NAME = "$(TARGET_NAME)";
				SWIFT_EMIT_LOC_STRINGS = NO;
				SWIFT_VERSION = 5.0;
				TARGETED_DEVICE_FAMILY = "1,2";
				TEST_TARGET_NAME = "KSA MOFA";
			};
			name = Release;
		};
/* End XCBuildConfiguration section */

/* Begin XCConfigurationList section */
		EC8C66782D2F65F30040EFE9 /* Build configuration list for PBXProject "KSA MOFA" */ = {
			isa = XCConfigurationList;
			buildConfigurations = (
				EC8C66A72D2F65F60040EFE9 /* Debug */,
				EC8C66A82D2F65F60040EFE9 /* Release */,
			);
			defaultConfigurationIsVisible = 0;
			defaultConfigurationName = Release;
		};
		EC8C66A42D2F65F60040EFE9 /* Build configuration list for PBXNativeTarget "KSA MOFA" */ = {
			isa = XCConfigurationList;
			buildConfigurations = (
				EC8C66A52D2F65F60040EFE9 /* Debug */,
				EC8C66A62D2F65F60040EFE9 /* Release */,
			);
			defaultConfigurationIsVisible = 0;
			defaultConfigurationName = Release;
		};
		EC8C66A92D2F65F60040EFE9 /* Build configuration list for PBXNativeTarget "KSA MOFATests" */ = {
			isa = XCConfigurationList;
			buildConfigurations = (
				EC8C66AA2D2F65F60040EFE9 /* Debug */,
				EC8C66AB2D2F65F60040EFE9 /* Release */,
			);
			defaultConfigurationIsVisible = 0;
			defaultConfigurationName = Release;
		};
		EC8C66AC2D2F65F60040EFE9 /* Build configuration list for PBXNativeTarget "KSA MOFAUITests" */ = {
			isa = XCConfigurationList;
			buildConfigurations = (
				EC8C66AD2D2F65F60040EFE9 /* Debug */,
				EC8C66AE2D2F65F60040EFE9 /* Release */,
			);
			defaultConfigurationIsVisible = 0;
			defaultConfigurationName = Release;
		};
/* End XCConfigurationList section */
	};
	rootObject = EC8C66752D2F65F30040EFE9 /* Project object */;
}
